
Microsoft Visual Studio Solution File, Format Version 12.00
# Visual Studio 2012
Project("{8BC9CEB8-8B4A-11D0-8D11-00A0C91BC942}") = "d3dlib", "D3DLib\d3dlib.vcxproj", "{BED31694-FF93-4B32-A54D-527043077B74}"
EndProject
Project("{8BC9CEB8-8B4A-11D0-8D11-00A0C91BC942}") = "D3DLibTest", "D3DLibTest\D3DLibTest.vcxproj", "{57285D49-15C8-451F-BE1B-3D4B404DB426}"
	ProjectSection(ProjectDependencies) = postProject
		{BED31694-FF93-4B32-A54D-527043077B74} = {BED31694-FF93-4B32-A54D-527043077B74}
	EndProjectSection
EndProject
Global
	GlobalSection(SolutionConfigurationPlatforms) = preSolution
		Debug|Win32 = Debug|Win32
		Release|Win32 = Release|Win32
	EndGlobalSection
	GlobalSection(ProjectConfigurationPlatforms) = postSolution
		{BED31694-FF93-4B32-A54D-527043077B74}.Debug|Win32.ActiveCfg = Debug|Win32
		{BED31694-FF93-4B32-A54D-527043077B74}.Debug|Win32.Build.0 = Debug|Win32
		{BED31694-FF93-4B32-A54D-527043077B74}.Release|Win32.ActiveCfg = Release|Win32
		{BED31694-FF93-4B32-A54D-527043077B74}.Release|Win32.Build.0 = Release|Win32
		{57285D49-15C8-451F-BE1B-3D4B404DB426}.Debug|Win32.ActiveCfg = Debug|Win32
		{57285D49-15C8-451F-BE1B-3D4B404DB426}.Debug|Win32.Build.0 = Debug|Win32
		{57285D49-15C8-451F-BE1B-3D4B404DB426}.Release|Win32.ActiveCfg = Release|Win32
		{57285D49-15C8-451F-BE1B-3D4B404DB426}.Release|Win32.Build.0 = Release|Win32
	EndGlobalSection
	GlobalSection(SolutionProperties) = preSolution
		HideSolutionNode = FALSE
	EndGlobalSection
EndGlobal
