<?xml version="1.0" encoding="utf-8"?>
<Project ToolsVersion="4.0" xmlns="http://schemas.microsoft.com/developer/msbuild/2003">
  <ItemGroup>
    <Filter Include="Makefiles">
      <UniqueIdentifier>{7565a9e7-d35d-4cc2-95db-7d0597f6e8f6}</UniqueIdentifier>
      <Extensions>*.mak</Extensions>
    </Filter>
  </ItemGroup>
  <ItemGroup>
    <ClCompile Include="src\init.cpp" />
  </ItemGroup>
  <ItemGroup>
    <ClInclude Include="src\init.h" />
    <ClInclude Include="src\epitome-core.h" />
  </ItemGroup>
  <ItemGroup>
    <None Include="debug.mak">
      <Filter>Makefiles</Filter>
    </None>
    <None Include="Makefile">
      <Filter>Makefiles</Filter>
    </None>
    <None Include="release.mak">
      <Filter>Makefiles</Filter>
    </None>
  </ItemGroup>
</Project>